
Microsoft Visual Studio Solution File, Format Version 12.00
# Visual Studio Version 17
VisualStudioVersion = 17.0.31903.59
MinimumVisualStudioVersion = 10.0.40219.1
Project("{2150E333-8FDC-42A3-9474-1A3956D46DE8}") = "src", "src", "{827E0CD3-B72D-47B6-A68D-7590B98EB39B}"
EndProject
Project("{FAE04EC0-301F-11D3-BF4B-00C04F79EFBC}") = "ClaudeUsage.Core", "src\ClaudeUsage.Core\ClaudeUsage.Core.csproj", "{A201E6DE-41D0-4555-BC67-80C4C1E15400}"
EndProject
Project("{2150E333-8FDC-42A3-9474-1A3956D46DE8}") = "tests", "tests", "{0AB3BF05-4346-4AA6-1389-037BE0695223}"
EndProject
Project("{FAE04EC0-301F-11D3-BF4B-00C04F79EFBC}") = "ClaudeUsage.Core.Tests", "tests\ClaudeUsage.Core.Tests\ClaudeUsage.Core.Tests.csproj", "{6095E775-D433-408C-8DB4-185ED9814ECD}"
EndProject
Project("{FAE04EC0-301F-11D3-BF4B-00C04F79EFBC}") = "ClaudeUsage.Windows", "src\ClaudeUsage.Windows\ClaudeUsage.Windows.csproj", "{69E68CFF-D5B0-454C-832F-359E080F7042}"
EndProject
Project("{FAE04EC0-301F-11D3-BF4B-00C04F79EFBC}") = "ClaudeUsage.Startup", "src\ClaudeUsage.Startup\ClaudeUsage.Startup.csproj", "{8BA6BCE5-7DAA-480B-A193-E00E7D6B8728}"
EndProject
Project("{FAE04EC0-301F-11D3-BF4B-00C04F79EFBC}") = "ClaudeUsage.Windows.Tests", "tests\ClaudeUsage.Windows.Tests\ClaudeUsage.Windows.Tests.csproj", "{D4B4E2E8-1D25-4C1D-B6B8-BDC793E7F45B}"
EndProject
Project("{FAE04EC0-301F-11D3-BF4B-00C04F79EFBC}") = "ClaudeUsage.Startup.TestApp", "tests\ClaudeUsage.Startup.TestApp\ClaudeUsage.Startup.TestApp.csproj", "{9724D68C-28E4-4EBB-819A-09A8C09C4DDD}"
EndProject
Project("{FAE04EC0-301F-11D3-BF4B-00C04F79EFBC}") = "ClaudeUsage.Startup.Tests", "tests\ClaudeUsage.Startup.Tests\ClaudeUsage.Startup.Tests.csproj", "{E1B451F8-D12F-4B53-BAE4-1BB46770125F}"
EndProject
Project("{2150E333-8FDC-42A3-9474-1A3956D46DE8}") = "tools", "tools", "{46A96903-AD21-4F23-A5BE-F232675C8D27}"
EndProject
Project("{FAE04EC0-301F-11D3-BF4B-00C04F79EFBC}") = "ClaudeUsage.Probe", "tools\ClaudeUsage.Probe\ClaudeUsage.Probe.csproj", "{BE83079C-C54E-44B2-B71D-E282F22A8C47}"
EndProject
Global
	GlobalSection(SolutionConfigurationPlatforms) = preSolution
		Debug|Any CPU = Debug|Any CPU
		Debug|x64 = Debug|x64
		Debug|x86 = Debug|x86
		Release|Any CPU = Release|Any CPU
		Release|x64 = Release|x64
		Release|x86 = Release|x86
	EndGlobalSection
	GlobalSection(ProjectConfigurationPlatforms) = postSolution
		{A201E6DE-41D0-4555-BC67-80C4C1E15400}.Debug|Any CPU.ActiveCfg = Debug|Any CPU
		{A201E6DE-41D0-4555-BC67-80C4C1E15400}.Debug|Any CPU.Build.0 = Debug|Any CPU
		{A201E6DE-41D0-4555-BC67-80C4C1E15400}.Debug|x64.ActiveCfg = Debug|Any CPU
		{A201E6DE-41D0-4555-BC67-80C4C1E15400}.Debug|x64.Build.0 = Debug|Any CPU
		{A201E6DE-41D0-4555-BC67-80C4C1E15400}.Debug|x86.ActiveCfg = Debug|Any CPU
		{A201E6DE-41D0-4555-BC67-80C4C1E15400}.Debug|x86.Build.0 = Debug|Any CPU
		{A201E6DE-41D0-4555-BC67-80C4C1E15400}.Release|Any CPU.ActiveCfg = Release|Any CPU
		{A201E6DE-41D0-4555-BC67-80C4C1E15400}.Release|Any CPU.Build.0 = Release|Any CPU
		{A201E6DE-41D0-4555-BC67-80C4C1E15400}.Release|x64.ActiveCfg = Release|Any CPU
		{A201E6DE-41D0-4555-BC67-80C4C1E15400}.Release|x64.Build.0 = Release|Any CPU
		{A201E6DE-41D0-4555-BC67-80C4C1E15400}.Release|x86.ActiveCfg = Release|Any CPU
		{A201E6DE-41D0-4555-BC67-80C4C1E15400}.Release|x86.Build.0 = Release|Any CPU
		{6095E775-D433-408C-8DB4-185ED9814ECD}.Debug|Any CPU.ActiveCfg = Debug|Any CPU
		{6095E775-D433-408C-8DB4-185ED9814ECD}.Debug|Any CPU.Build.0 = Debug|Any CPU
		{6095E775-D433-408C-8DB4-185ED9814ECD}.Debug|x64.ActiveCfg = Debug|Any CPU
		{6095E775-D433-408C-8DB4-185ED9814ECD}.Debug|x64.Build.0 = Debug|Any CPU
		{6095E775-D433-408C-8DB4-185ED9814ECD}.Debug|x86.ActiveCfg = Debug|Any CPU
		{6095E775-D433-408C-8DB4-185ED9814ECD}.Debug|x86.Build.0 = Debug|Any CPU
		{6095E775-D433-408C-8DB4-185ED9814ECD}.Release|Any CPU.ActiveCfg = Release|Any CPU
		{6095E775-D433-408C-8DB4-185ED9814ECD}.Release|Any CPU.Build.0 = Release|Any CPU
		{6095E775-D433-408C-8DB4-185ED9814ECD}.Release|x64.ActiveCfg = Release|Any CPU
		{6095E775-D433-408C-8DB4-185ED9814ECD}.Release|x64.Build.0 = Release|Any CPU
		{6095E775-D433-408C-8DB4-185ED9814ECD}.Release|x86.ActiveCfg = Release|Any CPU
		{6095E775-D433-408C-8DB4-185ED9814ECD}.Release|x86.Build.0 = Release|Any CPU
		{69E68CFF-D5B0-454C-832F-359E080F7042}.Debug|Any CPU.ActiveCfg = Debug|Any CPU
		{69E68CFF-D5B0-454C-832F-359E080F7042}.Debug|Any CPU.Build.0 = Debug|Any CPU
		{69E68CFF-D5B0-454C-832F-359E080F7042}.Debug|x64.ActiveCfg = Debug|Any CPU
		{69E68CFF-D5B0-454C-832F-359E080F7042}.Debug|x64.Build.0 = Debug|Any CPU
		{69E68CFF-D5B0-454C-832F-359E080F7042}.Debug|x86.ActiveCfg = Debug|Any CPU
		{69E68CFF-D5B0-454C-832F-359E080F7042}.Debug|x86.Build.0 = Debug|Any CPU
		{69E68CFF-D5B0-454C-832F-359E080F7042}.Release|Any CPU.ActiveCfg = Release|Any CPU
		{69E68CFF-D5B0-454C-832F-359E080F7042}.Release|Any CPU.Build.0 = Release|Any CPU
		{69E68CFF-D5B0-454C-832F-359E080F7042}.Release|x64.ActiveCfg = Release|Any CPU
		{69E68CFF-D5B0-454C-832F-359E080F7042}.Release|x64.Build.0 = Release|Any CPU
		{69E68CFF-D5B0-454C-832F-359E080F7042}.Release|x86.ActiveCfg = Release|Any CPU
		{69E68CFF-D5B0-454C-832F-359E080F7042}.Release|x86.Build.0 = Release|Any CPU
		{8BA6BCE5-7DAA-480B-A193-E00E7D6B8728}.Debug|Any CPU.ActiveCfg = Debug|Any CPU
		{8BA6BCE5-7DAA-480B-A193-E00E7D6B8728}.Debug|Any CPU.Build.0 = Debug|Any CPU
		{8BA6BCE5-7DAA-480B-A193-E00E7D6B8728}.Debug|x64.ActiveCfg = Debug|Any CPU
		{8BA6BCE5-7DAA-480B-A193-E00E7D6B8728}.Debug|x64.Build.0 = Debug|Any CPU
		{8BA6BCE5-7DAA-480B-A193-E00E7D6B8728}.Debug|x86.ActiveCfg = Debug|Any CPU
		{8BA6BCE5-7DAA-480B-A193-E00E7D6B8728}.Debug|x86.Build.0 = Debug|Any CPU
		{8BA6BCE5-7DAA-480B-A193-E00E7D6B8728}.Release|Any CPU.ActiveCfg = Release|Any CPU
		{8BA6BCE5-7DAA-480B-A193-E00E7D6B8728}.Release|Any CPU.Build.0 = Release|Any CPU
		{8BA6BCE5-7DAA-480B-A193-E00E7D6B8728}.Release|x64.ActiveCfg = Release|Any CPU
		{8BA6BCE5-7DAA-480B-A193-E00E7D6B8728}.Release|x64.Build.0 = Release|Any CPU
		{8BA6BCE5-7DAA-480B-A193-E00E7D6B8728}.Release|x86.ActiveCfg = Release|Any CPU
		{8BA6BCE5-7DAA-480B-A193-E00E7D6B8728}.Release|x86.Build.0 = Release|Any CPU
		{D4B4E2E8-1D25-4C1D-B6B8-BDC793E7F45B}.Debug|Any CPU.ActiveCfg = Debug|Any CPU
		{D4B4E2E8-1D25-4C1D-B6B8-BDC793E7F45B}.Debug|Any CPU.Build.0 = Debug|Any CPU
		{D4B4E2E8-1D25-4C1D-B6B8-BDC793E7F45B}.Debug|x64.ActiveCfg = Debug|Any CPU
		{D4B4E2E8-1D25-4C1D-B6B8-BDC793E7F45B}.Debug|x64.Build.0 = Debug|Any CPU
		{D4B4E2E8-1D25-4C1D-B6B8-BDC793E7F45B}.Debug|x86.ActiveCfg = Debug|Any CPU
		{D4B4E2E8-1D25-4C1D-B6B8-BDC793E7F45B}.Debug|x86.Build.0 = Debug|Any CPU
		{D4B4E2E8-1D25-4C1D-B6B8-BDC793E7F45B}.Release|Any CPU.ActiveCfg = Release|Any CPU
		{D4B4E2E8-1D25-4C1D-B6B8-BDC793E7F45B}.Release|Any CPU.Build.0 = Release|Any CPU
		{D4B4E2E8-1D25-4C1D-B6B8-BDC793E7F45B}.Release|x64.ActiveCfg = Release|Any CPU
		{D4B4E2E8-1D25-4C1D-B6B8-BDC793E7F45B}.Release|x64.Build.0 = Release|Any CPU
		{D4B4E2E8-1D25-4C1D-B6B8-BDC793E7F45B}.Release|x86.ActiveCfg = Release|Any CPU
		{D4B4E2E8-1D25-4C1D-B6B8-BDC793E7F45B}.Release|x86.Build.0 = Release|Any CPU
		{9724D68C-28E4-4EBB-819A-09A8C09C4DDD}.Debug|Any CPU.ActiveCfg = Debug|Any CPU
		{9724D68C-28E4-4EBB-819A-09A8C09C4DDD}.Debug|Any CPU.Build.0 = Debug|Any CPU
		{9724D68C-28E4-4EBB-819A-09A8C09C4DDD}.Debug|x64.ActiveCfg = Debug|Any CPU
		{9724D68C-28E4-4EBB-819A-09A8C09C4DDD}.Debug|x64.Build.0 = Debug|Any CPU
		{9724D68C-28E4-4EBB-819A-09A8C09C4DDD}.Debug|x86.ActiveCfg = Debug|Any CPU
		{9724D68C-28E4-4EBB-819A-09A8C09C4DDD}.Debug|x86.Build.0 = Debug|Any CPU
		{9724D68C-28E4-4EBB-819A-09A8C09C4DDD}.Release|Any CPU.ActiveCfg = Release|Any CPU
		{9724D68C-28E4-4EBB-819A-09A8C09C4DDD}.Release|Any CPU.Build.0 = Release|Any CPU
		{9724D68C-28E4-4EBB-819A-09A8C09C4DDD}.Release|x64.ActiveCfg = Release|Any CPU
		{9724D68C-28E4-4EBB-819A-09A8C09C4DDD}.Release|x64.Build.0 = Release|Any CPU
		{9724D68C-28E4-4EBB-819A-09A8C09C4DDD}.Release|x86.ActiveCfg = Release|Any CPU
		{9724D68C-28E4-4EBB-819A-09A8C09C4DDD}.Release|x86.Build.0 = Release|Any CPU
		{E1B451F8-D12F-4B53-BAE4-1BB46770125F}.Debug|Any CPU.ActiveCfg = Debug|Any CPU
		{E1B451F8-D12F-4B53-BAE4-1BB46770125F}.Debug|Any CPU.Build.0 = Debug|Any CPU
		{E1B451F8-D12F-4B53-BAE4-1BB46770125F}.Debug|x64.ActiveCfg = Debug|Any CPU
		{E1B451F8-D12F-4B53-BAE4-1BB46770125F}.Debug|x64.Build.0 = Debug|Any CPU
		{E1B451F8-D12F-4B53-BAE4-1BB46770125F}.Debug|x86.ActiveCfg = Debug|Any CPU
		{E1B451F8-D12F-4B53-BAE4-1BB46770125F}.Debug|x86.Build.0 = Debug|Any CPU
		{E1B451F8-D12F-4B53-BAE4-1BB46770125F}.Release|Any CPU.ActiveCfg = Release|Any CPU
		{E1B451F8-D12F-4B53-BAE4-1BB46770125F}.Release|Any CPU.Build.0 = Release|Any CPU
		{E1B451F8-D12F-4B53-BAE4-1BB46770125F}.Release|x64.ActiveCfg = Release|Any CPU
		{E1B451F8-D12F-4B53-BAE4-1BB46770125F}.Release|x64.Build.0 = Release|Any CPU
		{E1B451F8-D12F-4B53-BAE4-1BB46770125F}.Release|x86.ActiveCfg = Release|Any CPU
		{E1B451F8-D12F-4B53-BAE4-1BB46770125F}.Release|x86.Build.0 = Release|Any CPU
		{BE83079C-C54E-44B2-B71D-E282F22A8C47}.Debug|Any CPU.ActiveCfg = Debug|Any CPU
		{BE83079C-C54E-44B2-B71D-E282F22A8C47}.Debug|Any CPU.Build.0 = Debug|Any CPU
		{BE83079C-C54E-44B2-B71D-E282F22A8C47}.Debug|x64.ActiveCfg = Debug|Any CPU
		{BE83079C-C54E-44B2-B71D-E282F22A8C47}.Debug|x64.Build.0 = Debug|Any CPU
		{BE83079C-C54E-44B2-B71D-E282F22A8C47}.Debug|x86.ActiveCfg = Debug|Any CPU
		{BE83079C-C54E-44B2-B71D-E282F22A8C47}.Debug|x86.Build.0 = Debug|Any CPU
		{BE83079C-C54E-44B2-B71D-E282F22A8C47}.Release|Any CPU.ActiveCfg = Release|Any CPU
		{BE83079C-C54E-44B2-B71D-E282F22A8C47}.Release|Any CPU.Build.0 = Release|Any CPU
		{BE83079C-C54E-44B2-B71D-E282F22A8C47}.Release|x64.ActiveCfg = Release|Any CPU
		{BE83079C-C54E-44B2-B71D-E282F22A8C47}.Release|x64.Build.0 = Release|Any CPU
		{BE83079C-C54E-44B2-B71D-E282F22A8C47}.Release|x86.ActiveCfg = Release|Any CPU
		{BE83079C-C54E-44B2-B71D-E282F22A8C47}.Release|x86.Build.0 = Release|Any CPU
	EndGlobalSection
	GlobalSection(SolutionProperties) = preSolution
		HideSolutionNode = FALSE
	EndGlobalSection
	GlobalSection(NestedProjects) = preSolution
		{A201E6DE-41D0-4555-BC67-80C4C1E15400} = {827E0CD3-B72D-47B6-A68D-7590B98EB39B}
		{6095E775-D433-408C-8DB4-185ED9814ECD} = {0AB3BF05-4346-4AA6-1389-037BE0695223}
		{69E68CFF-D5B0-454C-832F-359E080F7042} = {827E0CD3-B72D-47B6-A68D-7590B98EB39B}
		{8BA6BCE5-7DAA-480B-A193-E00E7D6B8728} = {827E0CD3-B72D-47B6-A68D-7590B98EB39B}
		{D4B4E2E8-1D25-4C1D-B6B8-BDC793E7F45B} = {0AB3BF05-4346-4AA6-1389-037BE0695223}
		{9724D68C-28E4-4EBB-819A-09A8C09C4DDD} = {0AB3BF05-4346-4AA6-1389-037BE0695223}
		{E1B451F8-D12F-4B53-BAE4-1BB46770125F} = {0AB3BF05-4346-4AA6-1389-037BE0695223}
		{BE83079C-C54E-44B2-B71D-E282F22A8C47} = {46A96903-AD21-4F23-A5BE-F232675C8D27}
	EndGlobalSection
EndGlobal
